
Microsoft Visual Studio Solution File, Format Version 12.00
# Visual Studio Version 16
VisualStudioVersion = 16.0.30517.126
MinimumVisualStudioVersion = 10.0.40219.1
Project("{FAE04EC0-301F-11D3-BF4B-00C04F79EFBC}") = "Faith", "Faith\Faith.csproj", "{B78FD538-5920-44AD-94F2-CFB007A9A96F}"
EndProject
Project("{2150E333-8FDC-42A3-9474-1A3956D46DE8}") = "Solution Items", "Solution Items", "{F39AD37D-E26C-486C-8919-6F8B88F755BC}"
	ProjectSection(SolutionItems) = preProject
		.editorconfig = .editorconfig
		.gitignore = .gitignore
		LICENSE.md = LICENSE.md
		README.md = README.md
	EndProjectSection
EndProject
Project("{FAE04EC0-301F-11D3-BF4B-00C04F79EFBC}") = "Faith.Tests", "Faith.Tests\Faith.Tests.csproj", "{039E22AF-E467-465E-B79F-5A1D9F77EE8D}"
EndProject
Global
	GlobalSection(SolutionConfigurationPlatforms) = preSolution
		Debug|x64 = Debug|x64
		Release|x64 = Release|x64
	EndGlobalSection
	GlobalSection(ProjectConfigurationPlatforms) = postSolution
		{B78FD538-5920-44AD-94F2-CFB007A9A96F}.Debug|x64.ActiveCfg = Debug|x64
		{B78FD538-5920-44AD-94F2-CFB007A9A96F}.Debug|x64.Build.0 = Debug|x64
		{B78FD538-5920-44AD-94F2-CFB007A9A96F}.Release|x64.ActiveCfg = Release|x64
		{B78FD538-5920-44AD-94F2-CFB007A9A96F}.Release|x64.Build.0 = Release|x64
		{039E22AF-E467-465E-B79F-5A1D9F77EE8D}.Debug|x64.ActiveCfg = Debug|x64
		{039E22AF-E467-465E-B79F-5A1D9F77EE8D}.Debug|x64.Build.0 = Debug|x64
		{039E22AF-E467-465E-B79F-5A1D9F77EE8D}.Release|x64.ActiveCfg = Release|x64
		{039E22AF-E467-465E-B79F-5A1D9F77EE8D}.Release|x64.Build.0 = Release|x64
	EndGlobalSection
	GlobalSection(SolutionProperties) = preSolution
		HideSolutionNode = FALSE
	EndGlobalSection
	GlobalSection(ExtensibilityGlobals) = postSolution
		SolutionGuid = {19A40955-1A74-4EC2-A03A-D2DAF2E41C7B}
	EndGlobalSection
EndGlobal
